
Microsoft Visual Studio Solution File, Format Version 12.00
# Visual Studio 15
Project("{FAE04EC0-301F-11D3-BF4B-00C04F79EFBC}") = "UnityEngine.UI", "UnityEngine.UI.csproj", "{B220812B-9F36-B090-CEA1-BBA27BEB3963}"
EndProject
Project("{FAE04EC0-301F-11D3-BF4B-00C04F79EFBC}") = "UnityEngine.TestRunner", "UnityEngine.TestRunner.csproj", "{CABFF57E-2531-63D7-EA59-FCD3B21B91CB}"
EndProject
Project("{FAE04EC0-301F-11D3-BF4B-00C04F79EFBC}") = "UnityEngine.Purchasing.Stores", "UnityEngine.Purchasing.Stores.csproj", "{468922E9-219B-4277-658B-41E22A46D667}"
EndProject
Project("{FAE04EC0-301F-11D3-BF4B-00C04F79EFBC}") = "Unity.VisualScripting.Flow", "Unity.VisualScripting.Flow.csproj", "{47546925-001C-369E-E9D9-6BDC4391846B}"
EndProject
Project("{FAE04EC0-301F-11D3-BF4B-00C04F79EFBC}") = "Unity.Services.Analytics", "Unity.Services.Analytics.csproj", "{0B9D8EF5-F0C7-82DC-BA9C-D30485CD8C0B}"
EndProject
Project("{FAE04EC0-301F-11D3-BF4B-00C04F79EFBC}") = "Unity.Services.Core.Telemetry", "Unity.Services.Core.Telemetry.csproj", "{8014F0C6-F702-7F02-62F7-B27114129D8A}"
EndProject
Project("{FAE04EC0-301F-11D3-BF4B-00C04F79EFBC}") = "Unity.VisualScripting.State", "Unity.VisualScripting.State.csproj", "{16431F1A-2D62-C9FE-0520-E6B31C966314}"
EndProject
Project("{FAE04EC0-301F-11D3-BF4B-00C04F79EFBC}") = "UnityEngine.Purchasing.WinRTCore", "UnityEngine.Purchasing.WinRTCore.csproj", "{1FD09890-13DA-0C97-66F7-34B180CBC649}"
EndProject
Project("{FAE04EC0-301F-11D3-BF4B-00C04F79EFBC}") = "Unity.VisualScripting.Core", "Unity.VisualScripting.Core.csproj", "{3D9E6E23-7A16-C2AB-72C0-F5A211B08815}"
EndProject
Project("{FAE04EC0-301F-11D3-BF4B-00C04F79EFBC}") = "UnityEngine.XR.LegacyInputHelpers", "UnityEngine.XR.LegacyInputHelpers.csproj", "{F4B15236-ECB0-88BC-53C2-9048FC9663B7}"
EndProject
Project("{FAE04EC0-301F-11D3-BF4B-00C04F79EFBC}") = "UnityEngine.Monetization", "UnityEngine.Monetization.csproj", "{68B5C654-3633-35FA-550B-60FBF8AF77BE}"
EndProject
Project("{FAE04EC0-301F-11D3-BF4B-00C04F79EFBC}") = "UnityEngine.Purchasing.AppleCore", "UnityEngine.Purchasing.AppleCore.csproj", "{85C635DD-27B8-1D3E-02A6-29DC06A61FCD}"
EndProject
Project("{FAE04EC0-301F-11D3-BF4B-00C04F79EFBC}") = "Unity.Services.Core.Environments.Internal", "Unity.Services.Core.Environments.Internal.csproj", "{EB8F9F7D-954D-CA63-2E89-845145188919}"
EndProject
Project("{FAE04EC0-301F-11D3-BF4B-00C04F79EFBC}") = "Unity.TextMeshPro", "Unity.TextMeshPro.csproj", "{95015D58-2B7C-60C5-4A76-F418F8CA6686}"
EndProject
Project("{FAE04EC0-301F-11D3-BF4B-00C04F79EFBC}") = "UnityEngine.Advertisements", "UnityEngine.Advertisements.csproj", "{C3869CAF-A02B-17E2-4AE2-DB5E91AF9B9D}"
EndProject
Project("{FAE04EC0-301F-11D3-BF4B-00C04F79EFBC}") = "Unity.Timeline", "Unity.Timeline.csproj", "{FB83139C-7E3D-1686-D37A-FD6B0F8852C0}"
EndProject
Project("{FAE04EC0-301F-11D3-BF4B-00C04F79EFBC}") = "Unity.Services.Core", "Unity.Services.Core.csproj", "{0D731A19-784D-4AF3-602B-B5CD1CCBF554}"
EndProject
Project("{FAE04EC0-301F-11D3-BF4B-00C04F79EFBC}") = "UnityEngine.Purchasing", "UnityEngine.Purchasing.csproj", "{36EEA6A6-EB05-1C07-D9DD-5E5EB4CA2CEF}"
EndProject
Project("{FAE04EC0-301F-11D3-BF4B-00C04F79EFBC}") = "Assembly-CSharp", "Assembly-CSharp.csproj", "{A2859A56-AB4A-51F9-60BB-1B6FC96E8C70}"
EndProject
Project("{FAE04EC0-301F-11D3-BF4B-00C04F79EFBC}") = "Unity.Services.Core.Environments", "Unity.Services.Core.Environments.csproj", "{B2D71224-1DA7-7CE9-E980-6E92129A6978}"
EndProject
Project("{FAE04EC0-301F-11D3-BF4B-00C04F79EFBC}") = "Unity.Services.Core.Internal", "Unity.Services.Core.Internal.csproj", "{7A1942B4-281A-EE83-5D97-935B5C812777}"
EndProject
Project("{FAE04EC0-301F-11D3-BF4B-00C04F79EFBC}") = "Unity.Services.Core.Analytics", "Unity.Services.Core.Analytics.csproj", "{4C5585D5-C8BC-7456-4C5C-AE142C39DDDB}"
EndProject
Project("{FAE04EC0-301F-11D3-BF4B-00C04F79EFBC}") = "UnityEngine.Purchasing.SecurityStub", "UnityEngine.Purchasing.SecurityStub.csproj", "{7876E46C-AC55-877C-59F5-F51CE5E743BF}"
EndProject
Project("{FAE04EC0-301F-11D3-BF4B-00C04F79EFBC}") = "Unity.Services.Core.Scheduler", "Unity.Services.Core.Scheduler.csproj", "{78FDD3B7-186B-DB6C-5BD2-856371B0C308}"
EndProject
Project("{FAE04EC0-301F-11D3-BF4B-00C04F79EFBC}") = "Purchasing.Common", "Purchasing.Common.csproj", "{0E8A5A63-9E8D-D572-0EC8-0B43659F43C0}"
EndProject
Project("{FAE04EC0-301F-11D3-BF4B-00C04F79EFBC}") = "Unity.Services.Core.Registration", "Unity.Services.Core.Registration.csproj", "{2DD86E1A-7616-214F-47B8-8822A59B5494}"
EndProject
Project("{FAE04EC0-301F-11D3-BF4B-00C04F79EFBC}") = "Unity.Services.Core.Device", "Unity.Services.Core.Device.csproj", "{B4B734A1-AF40-47A0-E5C2-5BD1B7F450C1}"
EndProject
Project("{FAE04EC0-301F-11D3-BF4B-00C04F79EFBC}") = "UnityEngine.Purchasing.SecurityCore", "UnityEngine.Purchasing.SecurityCore.csproj", "{2161985B-2E6C-CE42-E6DA-B4258698EAC6}"
EndProject
Project("{FAE04EC0-301F-11D3-BF4B-00C04F79EFBC}") = "UnityEngine.Purchasing.WinRTStub", "UnityEngine.Purchasing.WinRTStub.csproj", "{24CAB632-6C5D-99B9-7002-5AFDF8139E05}"
EndProject
Project("{FAE04EC0-301F-11D3-BF4B-00C04F79EFBC}") = "Unity.Services.Core.Threading", "Unity.Services.Core.Threading.csproj", "{BD43153F-CC04-4411-EE4B-707CCAA1963E}"
EndProject
Project("{FAE04EC0-301F-11D3-BF4B-00C04F79EFBC}") = "Unity.Services.Core.Networking", "Unity.Services.Core.Networking.csproj", "{4230497F-2DD2-138B-0DA2-2C73F690766B}"
EndProject
Project("{FAE04EC0-301F-11D3-BF4B-00C04F79EFBC}") = "UnityEngine.Purchasing.AppleMacosStub", "UnityEngine.Purchasing.AppleMacosStub.csproj", "{90F3BE23-B511-8C5D-3BE0-760C2FF8D9E7}"
EndProject
Project("{FAE04EC0-301F-11D3-BF4B-00C04F79EFBC}") = "Unity.Analytics.DataPrivacy", "Unity.Analytics.DataPrivacy.csproj", "{D16DB56F-2FA3-A204-7EB0-54A1636FD9B6}"
EndProject
Project("{FAE04EC0-301F-11D3-BF4B-00C04F79EFBC}") = "Unity.Services.Core.Configuration", "Unity.Services.Core.Configuration.csproj", "{46E674FD-8F93-9F68-41E8-94C8EBC9A974}"
EndProject
Project("{FAE04EC0-301F-11D3-BF4B-00C04F79EFBC}") = "UnityEngine.SpatialTracking", "UnityEngine.SpatialTracking.csproj", "{7B337204-EEE9-8784-2FA0-4C11D6BE7E4D}"
EndProject
Project("{FAE04EC0-301F-11D3-BF4B-00C04F79EFBC}") = "UnityEngine.Purchasing.Codeless", "UnityEngine.Purchasing.Codeless.csproj", "{97000855-00A9-9405-8711-FABB7442122D}"
EndProject
Project("{FAE04EC0-301F-11D3-BF4B-00C04F79EFBC}") = "UnityEngine.Purchasing.AppleStub", "UnityEngine.Purchasing.AppleStub.csproj", "{82EC7069-2ACB-FF57-F1F9-914F2FD4F575}"
EndProject
Project("{FAE04EC0-301F-11D3-BF4B-00C04F79EFBC}") = "endel.nativewebsocket", "endel.nativewebsocket.csproj", "{18A3EA3D-3EB3-93D6-A4D3-8B48E28960E6}"
EndProject
Project("{FAE04EC0-301F-11D3-BF4B-00C04F79EFBC}") = "Unity.PlasticSCM.Editor", "Unity.PlasticSCM.Editor.csproj", "{91FC8A17-BBDC-1242-31A8-33233B1FDE02}"
EndProject
Project("{FAE04EC0-301F-11D3-BF4B-00C04F79EFBC}") = "Unity.VisualScripting.Core.Editor", "Unity.VisualScripting.Core.Editor.csproj", "{64133B87-F517-0419-FBA9-4AE558561472}"
EndProject
Project("{FAE04EC0-301F-11D3-BF4B-00C04F79EFBC}") = "Unity.VisualScripting.Flow.Editor", "Unity.VisualScripting.Flow.Editor.csproj", "{2F70F8BC-9AE8-D1C9-30E0-824605E087C7}"
EndProject
Project("{FAE04EC0-301F-11D3-BF4B-00C04F79EFBC}") = "Unity.VisualStudio.Editor", "Unity.VisualStudio.Editor.csproj", "{00AA70A8-E726-A16B-80A7-A98269DEF8D7}"
EndProject
Project("{FAE04EC0-301F-11D3-BF4B-00C04F79EFBC}") = "Unity.Timeline.Editor", "Unity.Timeline.Editor.csproj", "{55FC4C97-EC6D-9269-2367-180FBA3B92EF}"
EndProject
Project("{FAE04EC0-301F-11D3-BF4B-00C04F79EFBC}") = "Unity.VisualScripting.State.Editor", "Unity.VisualScripting.State.Editor.csproj", "{5BA487CB-A399-B75F-54A5-1E76CE7E8755}"
EndProject
Project("{FAE04EC0-301F-11D3-BF4B-00C04F79EFBC}") = "Unity.TextMeshPro.Editor", "Unity.TextMeshPro.Editor.csproj", "{92467459-D8FB-9384-151D-B87157382913}"
EndProject
Project("{FAE04EC0-301F-11D3-BF4B-00C04F79EFBC}") = "Unity.VisualScripting.SettingsProvider.Editor", "Unity.VisualScripting.SettingsProvider.Editor.csproj", "{28C84856-F24F-EC5F-20A3-73B90AC4BD72}"
EndProject
Project("{FAE04EC0-301F-11D3-BF4B-00C04F79EFBC}") = "Unity.CollabProxy.Editor", "Unity.CollabProxy.Editor.csproj", "{F9C2DB4C-AA0C-8A7C-061F-E932BD963E87}"
EndProject
Project("{FAE04EC0-301F-11D3-BF4B-00C04F79EFBC}") = "UnityEditor.TestRunner", "UnityEditor.TestRunner.csproj", "{0F2BEBDE-4AFD-FC1C-CFD8-F126D9104B82}"
EndProject
Project("{FAE04EC0-301F-11D3-BF4B-00C04F79EFBC}") = "Unity.2D.Tilemap.Editor", "Unity.2D.Tilemap.Editor.csproj", "{A7BA5EA8-7317-0D8E-AB44-368E91D1030F}"
EndProject
Project("{FAE04EC0-301F-11D3-BF4B-00C04F79EFBC}") = "Unity.Services.Core.Editor", "Unity.Services.Core.Editor.csproj", "{194183DA-A56E-FF08-357D-F8ACB3560229}"
EndProject
Project("{FAE04EC0-301F-11D3-BF4B-00C04F79EFBC}") = "Unity.TestTools.CodeCoverage.Editor", "Unity.TestTools.CodeCoverage.Editor.csproj", "{B54FA1F6-EFF4-F41E-40E4-4E10F018246A}"
EndProject
Project("{FAE04EC0-301F-11D3-BF4B-00C04F79EFBC}") = "UnityEngine.Advertisements.Editor", "UnityEngine.Advertisements.Editor.csproj", "{BD7DF391-C1CA-DE31-7BE4-CDE19C4B6C9F}"
EndProject
Project("{FAE04EC0-301F-11D3-BF4B-00C04F79EFBC}") = "Unity.Rider.Editor", "Unity.Rider.Editor.csproj", "{9EDFD18D-62B5-6089-961C-82D26D34AA5E}"
EndProject
Project("{FAE04EC0-301F-11D3-BF4B-00C04F79EFBC}") = "Unity.Performance.Profile-Analyzer.Editor", "Unity.Performance.Profile-Analyzer.Editor.csproj", "{CD2A6F1D-09A5-8DDF-F0B4-24F1838999FB}"
EndProject
Project("{FAE04EC0-301F-11D3-BF4B-00C04F79EFBC}") = "UnityEngine.Advertisements.DevX.Editor", "UnityEngine.Advertisements.DevX.Editor.csproj", "{3B0AE702-AE39-EE66-CA24-912AD890CC45}"
EndProject
Project("{FAE04EC0-301F-11D3-BF4B-00C04F79EFBC}") = "UnityEditor.Purchasing", "UnityEditor.Purchasing.csproj", "{35E6BE21-A69E-5027-209D-81FFEC50E900}"
EndProject
Project("{FAE04EC0-301F-11D3-BF4B-00C04F79EFBC}") = "Unity.VSCode.Editor", "Unity.VSCode.Editor.csproj", "{4DB822C3-D269-56D1-42DF-C250667486FF}"
EndProject
Project("{FAE04EC0-301F-11D3-BF4B-00C04F79EFBC}") = "Unity.2D.Sprite.Editor", "Unity.2D.Sprite.Editor.csproj", "{2939BC94-2A52-CF25-655C-AFC30FD694C4}"
EndProject
Project("{FAE04EC0-301F-11D3-BF4B-00C04F79EFBC}") = "UnityEditor.UI", "UnityEditor.UI.csproj", "{515CDF27-3208-4207-F448-C95D51CBBE66}"
EndProject
Project("{FAE04EC0-301F-11D3-BF4B-00C04F79EFBC}") = "Unity.TestTools.CodeCoverage.Editor.OpenCover.Model", "Unity.TestTools.CodeCoverage.Editor.OpenCover.Model.csproj", "{442B093B-C392-293D-D84A-BEE03A16E27D}"
EndProject
Project("{FAE04EC0-301F-11D3-BF4B-00C04F79EFBC}") = "Unity.EditorCoroutines.Editor", "Unity.EditorCoroutines.Editor.csproj", "{AFE7F34B-E56E-3AF3-D82A-D261FE824852}"
EndProject
Project("{FAE04EC0-301F-11D3-BF4B-00C04F79EFBC}") = "Unity.Settings.Editor", "Unity.Settings.Editor.csproj", "{D8697C2D-3BF2-50DE-72A5-E7DCC7D26864}"
EndProject
Project("{FAE04EC0-301F-11D3-BF4B-00C04F79EFBC}") = "UnityEditor.SpatialTracking", "UnityEditor.SpatialTracking.csproj", "{A1E4F976-FB89-7C0C-4D90-1CAF8029E582}"
EndProject
Project("{FAE04EC0-301F-11D3-BF4B-00C04F79EFBC}") = "Unity.Services.Core.Configuration.Editor", "Unity.Services.Core.Configuration.Editor.csproj", "{765ADF6F-D018-340A-88FA-3D4C3B2F7BF5}"
EndProject
Project("{FAE04EC0-301F-11D3-BF4B-00C04F79EFBC}") = "UnityEditor.XR.LegacyInputHelpers", "UnityEditor.XR.LegacyInputHelpers.csproj", "{82F0C3D7-75B2-DA02-127E-034AE7520770}"
EndProject
Project("{FAE04EC0-301F-11D3-BF4B-00C04F79EFBC}") = "Unity.TestTools.CodeCoverage.Editor.OpenCover.Mono.Reflection", "Unity.TestTools.CodeCoverage.Editor.OpenCover.Mono.Reflection.csproj", "{AF41BEA5-D37A-A762-1B1E-FE28BE41BA65}"
EndProject
Project("{FAE04EC0-301F-11D3-BF4B-00C04F79EFBC}") = "Unity.VisualScripting.Shared.Editor", "Unity.VisualScripting.Shared.Editor.csproj", "{0EC15FE6-EB7C-3B4D-4B48-15B2FC2A0EC9}"
EndProject
Project("{FAE04EC0-301F-11D3-BF4B-00C04F79EFBC}") = "Unity.Services.Analytics.Editor", "Unity.Services.Analytics.Editor.csproj", "{14FF6C7C-CEA4-8F10-71CF-C0460DBF0D81}"
EndProject
Project("{FAE04EC0-301F-11D3-BF4B-00C04F79EFBC}") = "Analytics", "Analytics.csproj", "{C7A9C460-46EB-2982-EFB1-960474E64CC8}"
EndProject
Project("{FAE04EC0-301F-11D3-BF4B-00C04F79EFBC}") = "UnityEngine.UI", "UnityEngine.UI.Player.csproj", "{0A80E35F-8576-3E11-1BBA-A443CA707FA2}"
EndProject
Project("{FAE04EC0-301F-11D3-BF4B-00C04F79EFBC}") = "UnityEngine.TestRunner", "UnityEngine.TestRunner.Player.csproj", "{7EC4397B-11BD-F02A-5378-6D6FDC3E9848}"
EndProject
Project("{FAE04EC0-301F-11D3-BF4B-00C04F79EFBC}") = "UnityEngine.Purchasing.Stores", "UnityEngine.Purchasing.Stores.Player.csproj", "{55398D42-3FF4-665F-65B9-84E01891C78D}"
EndProject
Project("{FAE04EC0-301F-11D3-BF4B-00C04F79EFBC}") = "Unity.VisualScripting.Flow", "Unity.VisualScripting.Flow.Player.csproj", "{562CB14B-61DE-CE5E-5ECA-FEE25E0E05D1}"
EndProject
Project("{FAE04EC0-301F-11D3-BF4B-00C04F79EFBC}") = "Unity.Services.Analytics", "Unity.Services.Analytics.Player.csproj", "{DF838CB4-1A67-DED9-D607-40DA41903263}"
EndProject
Project("{FAE04EC0-301F-11D3-BF4B-00C04F79EFBC}") = "Unity.Services.Core.Telemetry", "Unity.Services.Core.Telemetry.Player.csproj", "{9B7DAB7E-3114-E1D5-7892-1315943EFF7D}"
EndProject
Project("{FAE04EC0-301F-11D3-BF4B-00C04F79EFBC}") = "Unity.VisualScripting.State", "Unity.VisualScripting.State.Player.csproj", "{02A97D3D-4652-B925-BAE8-1577289010E6}"
EndProject
Project("{FAE04EC0-301F-11D3-BF4B-00C04F79EFBC}") = "UnityEngine.Purchasing.WinRTCore", "UnityEngine.Purchasing.WinRTCore.Player.csproj", "{29BD29C8-882B-FE9E-6F33-87BB847D221F}"
EndProject
Project("{FAE04EC0-301F-11D3-BF4B-00C04F79EFBC}") = "Unity.VisualScripting.Core", "Unity.VisualScripting.Core.Player.csproj", "{77DD3999-F278-E99E-3167-808FED79A4B0}"
EndProject
Project("{FAE04EC0-301F-11D3-BF4B-00C04F79EFBC}") = "UnityEngine.XR.LegacyInputHelpers", "UnityEngine.XR.LegacyInputHelpers.Player.csproj", "{F54D7CAA-38FE-EF9E-199A-E6823677BB2F}"
EndProject
Project("{FAE04EC0-301F-11D3-BF4B-00C04F79EFBC}") = "UnityEngine.Monetization", "UnityEngine.Monetization.Player.csproj", "{394E8C90-77CB-D1C8-91C3-F7245AE95A54}"
EndProject
Project("{FAE04EC0-301F-11D3-BF4B-00C04F79EFBC}") = "UnityEngine.Purchasing.AppleCore", "UnityEngine.Purchasing.AppleCore.Player.csproj", "{4767C0A4-FE24-3A76-577B-3CBF0FE6C977}"
EndProject
Project("{FAE04EC0-301F-11D3-BF4B-00C04F79EFBC}") = "Unity.Services.Core.Environments.Internal", "Unity.Services.Core.Environments.Internal.Player.csproj", "{4DC4A213-C09B-5C37-8D0C-CDC1779D1944}"
EndProject
Project("{FAE04EC0-301F-11D3-BF4B-00C04F79EFBC}") = "Unity.TextMeshPro", "Unity.TextMeshPro.Player.csproj", "{E117FCC9-F001-6766-BC53-052BDC998454}"
EndProject
Project("{FAE04EC0-301F-11D3-BF4B-00C04F79EFBC}") = "UnityEngine.Advertisements", "UnityEngine.Advertisements.Player.csproj", "{DE308341-930A-99A2-1DC0-550979DFCE94}"
EndProject
Project("{FAE04EC0-301F-11D3-BF4B-00C04F79EFBC}") = "Unity.Timeline", "Unity.Timeline.Player.csproj", "{660232EF-61FC-5609-8657-A8661F4C0202}"
EndProject
Project("{FAE04EC0-301F-11D3-BF4B-00C04F79EFBC}") = "Unity.Services.Core", "Unity.Services.Core.Player.csproj", "{86A206DF-B7B2-9168-63FD-326615355C62}"
EndProject
Project("{FAE04EC0-301F-11D3-BF4B-00C04F79EFBC}") = "UnityEngine.Purchasing", "UnityEngine.Purchasing.Player.csproj", "{7C14F793-9097-77CB-434C-8E581CB18543}"
EndProject
Project("{FAE04EC0-301F-11D3-BF4B-00C04F79EFBC}") = "Assembly-CSharp", "Assembly-CSharp.Player.csproj", "{45B97FA3-D86C-3515-245D-87C4EED08587}"
EndProject
Project("{FAE04EC0-301F-11D3-BF4B-00C04F79EFBC}") = "Unity.Services.Core.Environments", "Unity.Services.Core.Environments.Player.csproj", "{D28B2596-386E-E0A9-3769-B654A23752FE}"
EndProject
Project("{FAE04EC0-301F-11D3-BF4B-00C04F79EFBC}") = "Unity.Services.Core.Internal", "Unity.Services.Core.Internal.Player.csproj", "{D8570B24-B4AC-3099-6953-94132D24EBF3}"
EndProject
Project("{FAE04EC0-301F-11D3-BF4B-00C04F79EFBC}") = "Unity.Services.Core.Analytics", "Unity.Services.Core.Analytics.Player.csproj", "{339D6E9E-5D06-AF43-6510-5B6DEB65FC68}"
EndProject
Project("{FAE04EC0-301F-11D3-BF4B-00C04F79EFBC}") = "UnityEngine.Purchasing.SecurityStub", "UnityEngine.Purchasing.SecurityStub.Player.csproj", "{B300A818-2C03-3DF3-8196-250FC4383734}"
EndProject
Project("{FAE04EC0-301F-11D3-BF4B-00C04F79EFBC}") = "Unity.Services.Core.Scheduler", "Unity.Services.Core.Scheduler.Player.csproj", "{AB7E2603-D700-99BA-3E9D-1299720002C3}"
EndProject
Project("{FAE04EC0-301F-11D3-BF4B-00C04F79EFBC}") = "Purchasing.Common", "Purchasing.Common.Player.csproj", "{66212CD6-F9A6-70C2-C189-1372A552A258}"
EndProject
Project("{FAE04EC0-301F-11D3-BF4B-00C04F79EFBC}") = "Unity.Services.Core.Registration", "Unity.Services.Core.Registration.Player.csproj", "{825D30EA-8421-85C7-5477-1D36626A6D9C}"
EndProject
Project("{FAE04EC0-301F-11D3-BF4B-00C04F79EFBC}") = "Unity.Services.Core.Device", "Unity.Services.Core.Device.Player.csproj", "{ED201FBA-21D9-1310-628A-B1FDA5948355}"
EndProject
Project("{FAE04EC0-301F-11D3-BF4B-00C04F79EFBC}") = "UnityEngine.Purchasing.SecurityCore", "UnityEngine.Purchasing.SecurityCore.Player.csproj", "{4DDE23B8-84A9-87D9-5715-5A9AE858804F}"
EndProject
Project("{FAE04EC0-301F-11D3-BF4B-00C04F79EFBC}") = "UnityEngine.Purchasing.WinRTStub", "UnityEngine.Purchasing.WinRTStub.Player.csproj", "{9ED1C66A-C1FE-4968-17B8-7024FFB5C5FC}"
EndProject
Project("{FAE04EC0-301F-11D3-BF4B-00C04F79EFBC}") = "Unity.Services.Core.Threading", "Unity.Services.Core.Threading.Player.csproj", "{F06EDA97-2FB1-75F0-5D09-791A6CA912D6}"
EndProject
Project("{FAE04EC0-301F-11D3-BF4B-00C04F79EFBC}") = "Unity.Services.Core.Networking", "Unity.Services.Core.Networking.Player.csproj", "{3EE40515-C197-AFCF-0AC9-0EEDE8BEB788}"
EndProject
Project("{FAE04EC0-301F-11D3-BF4B-00C04F79EFBC}") = "UnityEngine.Purchasing.AppleMacosStub", "UnityEngine.Purchasing.AppleMacosStub.Player.csproj", "{1DD710B8-16B6-8B7F-C80E-288CA19F6030}"
EndProject
Project("{FAE04EC0-301F-11D3-BF4B-00C04F79EFBC}") = "Unity.Analytics.DataPrivacy", "Unity.Analytics.DataPrivacy.Player.csproj", "{AE33505A-F7DC-4C89-DFF3-46136BC65022}"
EndProject
Project("{FAE04EC0-301F-11D3-BF4B-00C04F79EFBC}") = "Unity.Services.Core.Configuration", "Unity.Services.Core.Configuration.Player.csproj", "{C74DA69D-1964-DA02-6416-D5BA9C314BA3}"
EndProject
Project("{FAE04EC0-301F-11D3-BF4B-00C04F79EFBC}") = "UnityEngine.SpatialTracking", "UnityEngine.SpatialTracking.Player.csproj", "{CAD15A54-E1E1-6C3E-4137-F233722556DC}"
EndProject
Project("{FAE04EC0-301F-11D3-BF4B-00C04F79EFBC}") = "UnityEngine.Purchasing.Codeless", "UnityEngine.Purchasing.Codeless.Player.csproj", "{E9C77FA9-E3B6-A117-9B28-51D651E73663}"
EndProject
Project("{FAE04EC0-301F-11D3-BF4B-00C04F79EFBC}") = "UnityEngine.Purchasing.AppleStub", "UnityEngine.Purchasing.AppleStub.Player.csproj", "{709FDCDC-C362-1AC7-CD4F-97FC153B18F7}"
EndProject
Project("{FAE04EC0-301F-11D3-BF4B-00C04F79EFBC}") = "endel.nativewebsocket", "endel.nativewebsocket.Player.csproj", "{0B553647-BF80-7E43-FF19-83B8DDEDA7A5}"
EndProject
Global
	GlobalSection(SolutionConfigurationPlatforms) = preSolution
		Debug|Any CPU = Debug|Any CPU
		Release|Any CPU = Release|Any CPU
	EndGlobalSection
	GlobalSection(ProjectConfigurationPlatforms) = postSolution
		{B220812B-9F36-B090-CEA1-BBA27BEB3963}.Debug|Any CPU.ActiveCfg = Debug|Any CPU
		{B220812B-9F36-B090-CEA1-BBA27BEB3963}.Debug|Any CPU.Build.0 = Debug|Any CPU
		{B220812B-9F36-B090-CEA1-BBA27BEB3963}.Release|Any CPU.ActiveCfg = Release|Any CPU
		{B220812B-9F36-B090-CEA1-BBA27BEB3963}.Release|Any CPU.Build.0 = Release|Any CPU
		{CABFF57E-2531-63D7-EA59-FCD3B21B91CB}.Debug|Any CPU.ActiveCfg = Debug|Any CPU
		{CABFF57E-2531-63D7-EA59-FCD3B21B91CB}.Debug|Any CPU.Build.0 = Debug|Any CPU
		{CABFF57E-2531-63D7-EA59-FCD3B21B91CB}.Release|Any CPU.ActiveCfg = Release|Any CPU
		{CABFF57E-2531-63D7-EA59-FCD3B21B91CB}.Release|Any CPU.Build.0 = Release|Any CPU
		{468922E9-219B-4277-658B-41E22A46D667}.Debug|Any CPU.ActiveCfg = Debug|Any CPU
		{468922E9-219B-4277-658B-41E22A46D667}.Debug|Any CPU.Build.0 = Debug|Any CPU
		{468922E9-219B-4277-658B-41E22A46D667}.Release|Any CPU.ActiveCfg = Release|Any CPU
		{468922E9-219B-4277-658B-41E22A46D667}.Release|Any CPU.Build.0 = Release|Any CPU
		{47546925-001C-369E-E9D9-6BDC4391846B}.Debug|Any CPU.ActiveCfg = Debug|Any CPU
		{47546925-001C-369E-E9D9-6BDC4391846B}.Debug|Any CPU.Build.0 = Debug|Any CPU
		{47546925-001C-369E-E9D9-6BDC4391846B}.Release|Any CPU.ActiveCfg = Release|Any CPU
		{47546925-001C-369E-E9D9-6BDC4391846B}.Release|Any CPU.Build.0 = Release|Any CPU
		{0B9D8EF5-F0C7-82DC-BA9C-D30485CD8C0B}.Debug|Any CPU.ActiveCfg = Debug|Any CPU
		{0B9D8EF5-F0C7-82DC-BA9C-D30485CD8C0B}.Debug|Any CPU.Build.0 = Debug|Any CPU
		{0B9D8EF5-F0C7-82DC-BA9C-D30485CD8C0B}.Release|Any CPU.ActiveCfg = Release|Any CPU
		{0B9D8EF5-F0C7-82DC-BA9C-D30485CD8C0B}.Release|Any CPU.Build.0 = Release|Any CPU
		{8014F0C6-F702-7F02-62F7-B27114129D8A}.Debug|Any CPU.ActiveCfg = Debug|Any CPU
		{8014F0C6-F702-7F02-62F7-B27114129D8A}.Debug|Any CPU.Build.0 = Debug|Any CPU
		{8014F0C6-F702-7F02-62F7-B27114129D8A}.Release|Any CPU.ActiveCfg = Release|Any CPU
		{8014F0C6-F702-7F02-62F7-B27114129D8A}.Release|Any CPU.Build.0 = Release|Any CPU
		{16431F1A-2D62-C9FE-0520-E6B31C966314}.Debug|Any CPU.ActiveCfg = Debug|Any CPU
		{16431F1A-2D62-C9FE-0520-E6B31C966314}.Debug|Any CPU.Build.0 = Debug|Any CPU
		{16431F1A-2D62-C9FE-0520-E6B31C966314}.Release|Any CPU.ActiveCfg = Release|Any CPU
		{16431F1A-2D62-C9FE-0520-E6B31C966314}.Release|Any CPU.Build.0 = Release|Any CPU
		{1FD09890-13DA-0C97-66F7-34B180CBC649}.Debug|Any CPU.ActiveCfg = Debug|Any CPU
		{1FD09890-13DA-0C97-66F7-34B180CBC649}.Debug|Any CPU.Build.0 = Debug|Any CPU
		{1FD09890-13DA-0C97-66F7-34B180CBC649}.Release|Any CPU.ActiveCfg = Release|Any CPU
		{1FD09890-13DA-0C97-66F7-34B180CBC649}.Release|Any CPU.Build.0 = Release|Any CPU
		{3D9E6E23-7A16-C2AB-72C0-F5A211B08815}.Debug|Any CPU.ActiveCfg = Debug|Any CPU
		{3D9E6E23-7A16-C2AB-72C0-F5A211B08815}.Debug|Any CPU.Build.0 = Debug|Any CPU
		{3D9E6E23-7A16-C2AB-72C0-F5A211B08815}.Release|Any CPU.ActiveCfg = Release|Any CPU
		{3D9E6E23-7A16-C2AB-72C0-F5A211B08815}.Release|Any CPU.Build.0 = Release|Any CPU
		{F4B15236-ECB0-88BC-53C2-9048FC9663B7}.Debug|Any CPU.ActiveCfg = Debug|Any CPU
		{F4B15236-ECB0-88BC-53C2-9048FC9663B7}.Debug|Any CPU.Build.0 = Debug|Any CPU
		{F4B15236-ECB0-88BC-53C2-9048FC9663B7}.Release|Any CPU.ActiveCfg = Release|Any CPU
		{F4B15236-ECB0-88BC-53C2-9048FC9663B7}.Release|Any CPU.Build.0 = Release|Any CPU
		{68B5C654-3633-35FA-550B-60FBF8AF77BE}.Debug|Any CPU.ActiveCfg = Debug|Any CPU
		{68B5C654-3633-35FA-550B-60FBF8AF77BE}.Debug|Any CPU.Build.0 = Debug|Any CPU
		{68B5C654-3633-35FA-550B-60FBF8AF77BE}.Release|Any CPU.ActiveCfg = Release|Any CPU
		{68B5C654-3633-35FA-550B-60FBF8AF77BE}.Release|Any CPU.Build.0 = Release|Any CPU
		{85C635DD-27B8-1D3E-02A6-29DC06A61FCD}.Debug|Any CPU.ActiveCfg = Debug|Any CPU
		{85C635DD-27B8-1D3E-02A6-29DC06A61FCD}.Debug|Any CPU.Build.0 = Debug|Any CPU
		{85C635DD-27B8-1D3E-02A6-29DC06A61FCD}.Release|Any CPU.ActiveCfg = Release|Any CPU
		{85C635DD-27B8-1D3E-02A6-29DC06A61FCD}.Release|Any CPU.Build.0 = Release|Any CPU
		{EB8F9F7D-954D-CA63-2E89-845145188919}.Debug|Any CPU.ActiveCfg = Debug|Any CPU
		{EB8F9F7D-954D-CA63-2E89-845145188919}.Debug|Any CPU.Build.0 = Debug|Any CPU
		{EB8F9F7D-954D-CA63-2E89-845145188919}.Release|Any CPU.ActiveCfg = Release|Any CPU
		{EB8F9F7D-954D-CA63-2E89-845145188919}.Release|Any CPU.Build.0 = Release|Any CPU
		{95015D58-2B7C-60C5-4A76-F418F8CA6686}.Debug|Any CPU.ActiveCfg = Debug|Any CPU
		{95015D58-2B7C-60C5-4A76-F418F8CA6686}.Debug|Any CPU.Build.0 = Debug|Any CPU
		{95015D58-2B7C-60C5-4A76-F418F8CA6686}.Release|Any CPU.ActiveCfg = Release|Any CPU
		{95015D58-2B7C-60C5-4A76-F418F8CA6686}.Release|Any CPU.Build.0 = Release|Any CPU
		{C3869CAF-A02B-17E2-4AE2-DB5E91AF9B9D}.Debug|Any CPU.ActiveCfg = Debug|Any CPU
		{C3869CAF-A02B-17E2-4AE2-DB5E91AF9B9D}.Debug|Any CPU.Build.0 = Debug|Any CPU
		{C3869CAF-A02B-17E2-4AE2-DB5E91AF9B9D}.Release|Any CPU.ActiveCfg = Release|Any CPU
		{C3869CAF-A02B-17E2-4AE2-DB5E91AF9B9D}.Release|Any CPU.Build.0 = Release|Any CPU
		{FB83139C-7E3D-1686-D37A-FD6B0F8852C0}.Debug|Any CPU.ActiveCfg = Debug|Any CPU
		{FB83139C-7E3D-1686-D37A-FD6B0F8852C0}.Debug|Any CPU.Build.0 = Debug|Any CPU
		{FB83139C-7E3D-1686-D37A-FD6B0F8852C0}.Release|Any CPU.ActiveCfg = Release|Any CPU
		{FB83139C-7E3D-1686-D37A-FD6B0F8852C0}.Release|Any CPU.Build.0 = Release|Any CPU
		{0D731A19-784D-4AF3-602B-B5CD1CCBF554}.Debug|Any CPU.ActiveCfg = Debug|Any CPU
		{0D731A19-784D-4AF3-602B-B5CD1CCBF554}.Debug|Any CPU.Build.0 = Debug|Any CPU
		{0D731A19-784D-4AF3-602B-B5CD1CCBF554}.Release|Any CPU.ActiveCfg = Release|Any CPU
		{0D731A19-784D-4AF3-602B-B5CD1CCBF554}.Release|Any CPU.Build.0 = Release|Any CPU
		{36EEA6A6-EB05-1C07-D9DD-5E5EB4CA2CEF}.Debug|Any CPU.ActiveCfg = Debug|Any CPU
		{36EEA6A6-EB05-1C07-D9DD-5E5EB4CA2CEF}.Debug|Any CPU.Build.0 = Debug|Any CPU
		{36EEA6A6-EB05-1C07-D9DD-5E5EB4CA2CEF}.Release|Any CPU.ActiveCfg = Release|Any CPU
		{36EEA6A6-EB05-1C07-D9DD-5E5EB4CA2CEF}.Release|Any CPU.Build.0 = Release|Any CPU
		{A2859A56-AB4A-51F9-60BB-1B6FC96E8C70}.Debug|Any CPU.ActiveCfg = Debug|Any CPU
		{A2859A56-AB4A-51F9-60BB-1B6FC96E8C70}.Debug|Any CPU.Build.0 = Debug|Any CPU
		{A2859A56-AB4A-51F9-60BB-1B6FC96E8C70}.Release|Any CPU.ActiveCfg = Release|Any CPU
		{A2859A56-AB4A-51F9-60BB-1B6FC96E8C70}.Release|Any CPU.Build.0 = Release|Any CPU
		{B2D71224-1DA7-7CE9-E980-6E92129A6978}.Debug|Any CPU.ActiveCfg = Debug|Any CPU
		{B2D71224-1DA7-7CE9-E980-6E92129A6978}.Debug|Any CPU.Build.0 = Debug|Any CPU
		{B2D71224-1DA7-7CE9-E980-6E92129A6978}.Release|Any CPU.ActiveCfg = Release|Any CPU
		{B2D71224-1DA7-7CE9-E980-6E92129A6978}.Release|Any CPU.Build.0 = Release|Any CPU
		{7A1942B4-281A-EE83-5D97-935B5C812777}.Debug|Any CPU.ActiveCfg = Debug|Any CPU
		{7A1942B4-281A-EE83-5D97-935B5C812777}.Debug|Any CPU.Build.0 = Debug|Any CPU
		{7A1942B4-281A-EE83-5D97-935B5C812777}.Release|Any CPU.ActiveCfg = Release|Any CPU
		{7A1942B4-281A-EE83-5D97-935B5C812777}.Release|Any CPU.Build.0 = Release|Any CPU
		{4C5585D5-C8BC-7456-4C5C-AE142C39DDDB}.Debug|Any CPU.ActiveCfg = Debug|Any CPU
		{4C5585D5-C8BC-7456-4C5C-AE142C39DDDB}.Debug|Any CPU.Build.0 = Debug|Any CPU
		{4C5585D5-C8BC-7456-4C5C-AE142C39DDDB}.Release|Any CPU.ActiveCfg = Release|Any CPU
		{4C5585D5-C8BC-7456-4C5C-AE142C39DDDB}.Release|Any CPU.Build.0 = Release|Any CPU
		{7876E46C-AC55-877C-59F5-F51CE5E743BF}.Debug|Any CPU.ActiveCfg = Debug|Any CPU
		{7876E46C-AC55-877C-59F5-F51CE5E743BF}.Debug|Any CPU.Build.0 = Debug|Any CPU
		{7876E46C-AC55-877C-59F5-F51CE5E743BF}.Release|Any CPU.ActiveCfg = Release|Any CPU
		{7876E46C-AC55-877C-59F5-F51CE5E743BF}.Release|Any CPU.Build.0 = Release|Any CPU
		{78FDD3B7-186B-DB6C-5BD2-856371B0C308}.Debug|Any CPU.ActiveCfg = Debug|Any CPU
		{78FDD3B7-186B-DB6C-5BD2-856371B0C308}.Debug|Any CPU.Build.0 = Debug|Any CPU
		{78FDD3B7-186B-DB6C-5BD2-856371B0C308}.Release|Any CPU.ActiveCfg = Release|Any CPU
		{78FDD3B7-186B-DB6C-5BD2-856371B0C308}.Release|Any CPU.Build.0 = Release|Any CPU
		{0E8A5A63-9E8D-D572-0EC8-0B43659F43C0}.Debug|Any CPU.ActiveCfg = Debug|Any CPU
		{0E8A5A63-9E8D-D572-0EC8-0B43659F43C0}.Debug|Any CPU.Build.0 = Debug|Any CPU
		{0E8A5A63-9E8D-D572-0EC8-0B43659F43C0}.Release|Any CPU.ActiveCfg = Release|Any CPU
		{0E8A5A63-9E8D-D572-0EC8-0B43659F43C0}.Release|Any CPU.Build.0 = Release|Any CPU
		{2DD86E1A-7616-214F-47B8-8822A59B5494}.Debug|Any CPU.ActiveCfg = Debug|Any CPU
		{2DD86E1A-7616-214F-47B8-8822A59B5494}.Debug|Any CPU.Build.0 = Debug|Any CPU
		{2DD86E1A-7616-214F-47B8-8822A59B5494}.Release|Any CPU.ActiveCfg = Release|Any CPU
		{2DD86E1A-7616-214F-47B8-8822A59B5494}.Release|Any CPU.Build.0 = Release|Any CPU
		{B4B734A1-AF40-47A0-E5C2-5BD1B7F450C1}.Debug|Any CPU.ActiveCfg = Debug|Any CPU
		{B4B734A1-AF40-47A0-E5C2-5BD1B7F450C1}.Debug|Any CPU.Build.0 = Debug|Any CPU
		{B4B734A1-AF40-47A0-E5C2-5BD1B7F450C1}.Release|Any CPU.ActiveCfg = Release|Any CPU
		{B4B734A1-AF40-47A0-E5C2-5BD1B7F450C1}.Release|Any CPU.Build.0 = Release|Any CPU
		{2161985B-2E6C-CE42-E6DA-B4258698EAC6}.Debug|Any CPU.ActiveCfg = Debug|Any CPU
		{2161985B-2E6C-CE42-E6DA-B4258698EAC6}.Debug|Any CPU.Build.0 = Debug|Any CPU
		{2161985B-2E6C-CE42-E6DA-B4258698EAC6}.Release|Any CPU.ActiveCfg = Release|Any CPU
		{2161985B-2E6C-CE42-E6DA-B4258698EAC6}.Release|Any CPU.Build.0 = Release|Any CPU
		{24CAB632-6C5D-99B9-7002-5AFDF8139E05}.Debug|Any CPU.ActiveCfg = Debug|Any CPU
		{24CAB632-6C5D-99B9-7002-5AFDF8139E05}.Debug|Any CPU.Build.0 = Debug|Any CPU
		{24CAB632-6C5D-99B9-7002-5AFDF8139E05}.Release|Any CPU.ActiveCfg = Release|Any CPU
		{24CAB632-6C5D-99B9-7002-5AFDF8139E05}.Release|Any CPU.Build.0 = Release|Any CPU
		{BD43153F-CC04-4411-EE4B-707CCAA1963E}.Debug|Any CPU.ActiveCfg = Debug|Any CPU
		{BD43153F-CC04-4411-EE4B-707CCAA1963E}.Debug|Any CPU.Build.0 = Debug|Any CPU
		{BD43153F-CC04-4411-EE4B-707CCAA1963E}.Release|Any CPU.ActiveCfg = Release|Any CPU
		{BD43153F-CC04-4411-EE4B-707CCAA1963E}.Release|Any CPU.Build.0 = Release|Any CPU
		{4230497F-2DD2-138B-0DA2-2C73F690766B}.Debug|Any CPU.ActiveCfg = Debug|Any CPU
		{4230497F-2DD2-138B-0DA2-2C73F690766B}.Debug|Any CPU.Build.0 = Debug|Any CPU
		{4230497F-2DD2-138B-0DA2-2C73F690766B}.Release|Any CPU.ActiveCfg = Release|Any CPU
		{4230497F-2DD2-138B-0DA2-2C73F690766B}.Release|Any CPU.Build.0 = Release|Any CPU
		{90F3BE23-B511-8C5D-3BE0-760C2FF8D9E7}.Debug|Any CPU.ActiveCfg = Debug|Any CPU
		{90F3BE23-B511-8C5D-3BE0-760C2FF8D9E7}.Debug|Any CPU.Build.0 = Debug|Any CPU
		{90F3BE23-B511-8C5D-3BE0-760C2FF8D9E7}.Release|Any CPU.ActiveCfg = Release|Any CPU
		{90F3BE23-B511-8C5D-3BE0-760C2FF8D9E7}.Release|Any CPU.Build.0 = Release|Any CPU
		{D16DB56F-2FA3-A204-7EB0-54A1636FD9B6}.Debug|Any CPU.ActiveCfg = Debug|Any CPU
		{D16DB56F-2FA3-A204-7EB0-54A1636FD9B6}.Debug|Any CPU.Build.0 = Debug|Any CPU
		{D16DB56F-2FA3-A204-7EB0-54A1636FD9B6}.Release|Any CPU.ActiveCfg = Release|Any CPU
		{D16DB56F-2FA3-A204-7EB0-54A1636FD9B6}.Release|Any CPU.Build.0 = Release|Any CPU
		{46E674FD-8F93-9F68-41E8-94C8EBC9A974}.Debug|Any CPU.ActiveCfg = Debug|Any CPU
		{46E674FD-8F93-9F68-41E8-94C8EBC9A974}.Debug|Any CPU.Build.0 = Debug|Any CPU
		{46E674FD-8F93-9F68-41E8-94C8EBC9A974}.Release|Any CPU.ActiveCfg = Release|Any CPU
		{46E674FD-8F93-9F68-41E8-94C8EBC9A974}.Release|Any CPU.Build.0 = Release|Any CPU
		{7B337204-EEE9-8784-2FA0-4C11D6BE7E4D}.Debug|Any CPU.ActiveCfg = Debug|Any CPU
		{7B337204-EEE9-8784-2FA0-4C11D6BE7E4D}.Debug|Any CPU.Build.0 = Debug|Any CPU
		{7B337204-EEE9-8784-2FA0-4C11D6BE7E4D}.Release|Any CPU.ActiveCfg = Release|Any CPU
		{7B337204-EEE9-8784-2FA0-4C11D6BE7E4D}.Release|Any CPU.Build.0 = Release|Any CPU
		{97000855-00A9-9405-8711-FABB7442122D}.Debug|Any CPU.ActiveCfg = Debug|Any CPU
		{97000855-00A9-9405-8711-FABB7442122D}.Debug|Any CPU.Build.0 = Debug|Any CPU
		{97000855-00A9-9405-8711-FABB7442122D}.Release|Any CPU.ActiveCfg = Release|Any CPU
		{97000855-00A9-9405-8711-FABB7442122D}.Release|Any CPU.Build.0 = Release|Any CPU
		{82EC7069-2ACB-FF57-F1F9-914F2FD4F575}.Debug|Any CPU.ActiveCfg = Debug|Any CPU
		{82EC7069-2ACB-FF57-F1F9-914F2FD4F575}.Debug|Any CPU.Build.0 = Debug|Any CPU
		{82EC7069-2ACB-FF57-F1F9-914F2FD4F575}.Release|Any CPU.ActiveCfg = Release|Any CPU
		{82EC7069-2ACB-FF57-F1F9-914F2FD4F575}.Release|Any CPU.Build.0 = Release|Any CPU
		{18A3EA3D-3EB3-93D6-A4D3-8B48E28960E6}.Debug|Any CPU.ActiveCfg = Debug|Any CPU
		{18A3EA3D-3EB3-93D6-A4D3-8B48E28960E6}.Debug|Any CPU.Build.0 = Debug|Any CPU
		{18A3EA3D-3EB3-93D6-A4D3-8B48E28960E6}.Release|Any CPU.ActiveCfg = Release|Any CPU
		{18A3EA3D-3EB3-93D6-A4D3-8B48E28960E6}.Release|Any CPU.Build.0 = Release|Any CPU
		{91FC8A17-BBDC-1242-31A8-33233B1FDE02}.Debug|Any CPU.ActiveCfg = Debug|Any CPU
		{91FC8A17-BBDC-1242-31A8-33233B1FDE02}.Debug|Any CPU.Build.0 = Debug|Any CPU
		{91FC8A17-BBDC-1242-31A8-33233B1FDE02}.Release|Any CPU.ActiveCfg = Release|Any CPU
		{91FC8A17-BBDC-1242-31A8-33233B1FDE02}.Release|Any CPU.Build.0 = Release|Any CPU
		{64133B87-F517-0419-FBA9-4AE558561472}.Debug|Any CPU.ActiveCfg = Debug|Any CPU
		{64133B87-F517-0419-FBA9-4AE558561472}.Debug|Any CPU.Build.0 = Debug|Any CPU
		{64133B87-F517-0419-FBA9-4AE558561472}.Release|Any CPU.ActiveCfg = Release|Any CPU
		{64133B87-F517-0419-FBA9-4AE558561472}.Release|Any CPU.Build.0 = Release|Any CPU
		{2F70F8BC-9AE8-D1C9-30E0-824605E087C7}.Debug|Any CPU.ActiveCfg = Debug|Any CPU
		{2F70F8BC-9AE8-D1C9-30E0-824605E087C7}.Debug|Any CPU.Build.0 = Debug|Any CPU
		{2F70F8BC-9AE8-D1C9-30E0-824605E087C7}.Release|Any CPU.ActiveCfg = Release|Any CPU
		{2F70F8BC-9AE8-D1C9-30E0-824605E087C7}.Release|Any CPU.Build.0 = Release|Any CPU
		{00AA70A8-E726-A16B-80A7-A98269DEF8D7}.Debug|Any CPU.ActiveCfg = Debug|Any CPU
		{00AA70A8-E726-A16B-80A7-A98269DEF8D7}.Debug|Any CPU.Build.0 = Debug|Any CPU
		{00AA70A8-E726-A16B-80A7-A98269DEF8D7}.Release|Any CPU.ActiveCfg = Release|Any CPU
		{00AA70A8-E726-A16B-80A7-A98269DEF8D7}.Release|Any CPU.Build.0 = Release|Any CPU
		{55FC4C97-EC6D-9269-2367-180FBA3B92EF}.Debug|Any CPU.ActiveCfg = Debug|Any CPU
		{55FC4C97-EC6D-9269-2367-180FBA3B92EF}.Debug|Any CPU.Build.0 = Debug|Any CPU
		{55FC4C97-EC6D-9269-2367-180FBA3B92EF}.Release|Any CPU.ActiveCfg = Release|Any CPU
		{55FC4C97-EC6D-9269-2367-180FBA3B92EF}.Release|Any CPU.Build.0 = Release|Any CPU
		{5BA487CB-A399-B75F-54A5-1E76CE7E8755}.Debug|Any CPU.ActiveCfg = Debug|Any CPU
		{5BA487CB-A399-B75F-54A5-1E76CE7E8755}.Debug|Any CPU.Build.0 = Debug|Any CPU
		{5BA487CB-A399-B75F-54A5-1E76CE7E8755}.Release|Any CPU.ActiveCfg = Release|Any CPU
		{5BA487CB-A399-B75F-54A5-1E76CE7E8755}.Release|Any CPU.Build.0 = Release|Any CPU
		{92467459-D8FB-9384-151D-B87157382913}.Debug|Any CPU.ActiveCfg = Debug|Any CPU
		{92467459-D8FB-9384-151D-B87157382913}.Debug|Any CPU.Build.0 = Debug|Any CPU
		{92467459-D8FB-9384-151D-B87157382913}.Release|Any CPU.ActiveCfg = Release|Any CPU
		{92467459-D8FB-9384-151D-B87157382913}.Release|Any CPU.Build.0 = Release|Any CPU
		{28C84856-F24F-EC5F-20A3-73B90AC4BD72}.Debug|Any CPU.ActiveCfg = Debug|Any CPU
		{28C84856-F24F-EC5F-20A3-73B90AC4BD72}.Debug|Any CPU.Build.0 = Debug|Any CPU
		{28C84856-F24F-EC5F-20A3-73B90AC4BD72}.Release|Any CPU.ActiveCfg = Release|Any CPU
		{28C84856-F24F-EC5F-20A3-73B90AC4BD72}.Release|Any CPU.Build.0 = Release|Any CPU
		{F9C2DB4C-AA0C-8A7C-061F-E932BD963E87}.Debug|Any CPU.ActiveCfg = Debug|Any CPU
		{F9C2DB4C-AA0C-8A7C-061F-E932BD963E87}.Debug|Any CPU.Build.0 = Debug|Any CPU
		{F9C2DB4C-AA0C-8A7C-061F-E932BD963E87}.Release|Any CPU.ActiveCfg = Release|Any CPU
		{F9C2DB4C-AA0C-8A7C-061F-E932BD963E87}.Release|Any CPU.Build.0 = Release|Any CPU
		{0F2BEBDE-4AFD-FC1C-CFD8-F126D9104B82}.Debug|Any CPU.ActiveCfg = Debug|Any CPU
		{0F2BEBDE-4AFD-FC1C-CFD8-F126D9104B82}.Debug|Any CPU.Build.0 = Debug|Any CPU
		{0F2BEBDE-4AFD-FC1C-CFD8-F126D9104B82}.Release|Any CPU.ActiveCfg = Release|Any CPU
		{0F2BEBDE-4AFD-FC1C-CFD8-F126D9104B82}.Release|Any CPU.Build.0 = Release|Any CPU
		{A7BA5EA8-7317-0D8E-AB44-368E91D1030F}.Debug|Any CPU.ActiveCfg = Debug|Any CPU
		{A7BA5EA8-7317-0D8E-AB44-368E91D1030F}.Debug|Any CPU.Build.0 = Debug|Any CPU
		{A7BA5EA8-7317-0D8E-AB44-368E91D1030F}.Release|Any CPU.ActiveCfg = Release|Any CPU
		{A7BA5EA8-7317-0D8E-AB44-368E91D1030F}.Release|Any CPU.Build.0 = Release|Any CPU
		{194183DA-A56E-FF08-357D-F8ACB3560229}.Debug|Any CPU.ActiveCfg = Debug|Any CPU
		{194183DA-A56E-FF08-357D-F8ACB3560229}.Debug|Any CPU.Build.0 = Debug|Any CPU
		{194183DA-A56E-FF08-357D-F8ACB3560229}.Release|Any CPU.ActiveCfg = Release|Any CPU
		{194183DA-A56E-FF08-357D-F8ACB3560229}.Release|Any CPU.Build.0 = Release|Any CPU
		{B54FA1F6-EFF4-F41E-40E4-4E10F018246A}.Debug|Any CPU.ActiveCfg = Debug|Any CPU
		{B54FA1F6-EFF4-F41E-40E4-4E10F018246A}.Debug|Any CPU.Build.0 = Debug|Any CPU
		{B54FA1F6-EFF4-F41E-40E4-4E10F018246A}.Release|Any CPU.ActiveCfg = Release|Any CPU
		{B54FA1F6-EFF4-F41E-40E4-4E10F018246A}.Release|Any CPU.Build.0 = Release|Any CPU
		{BD7DF391-C1CA-DE31-7BE4-CDE19C4B6C9F}.Debug|Any CPU.ActiveCfg = Debug|Any CPU
		{BD7DF391-C1CA-DE31-7BE4-CDE19C4B6C9F}.Debug|Any CPU.Build.0 = Debug|Any CPU
		{BD7DF391-C1CA-DE31-7BE4-CDE19C4B6C9F}.Release|Any CPU.ActiveCfg = Release|Any CPU
		{BD7DF391-C1CA-DE31-7BE4-CDE19C4B6C9F}.Release|Any CPU.Build.0 = Release|Any CPU
		{9EDFD18D-62B5-6089-961C-82D26D34AA5E}.Debug|Any CPU.ActiveCfg = Debug|Any CPU
		{9EDFD18D-62B5-6089-961C-82D26D34AA5E}.Debug|Any CPU.Build.0 = Debug|Any CPU
		{9EDFD18D-62B5-6089-961C-82D26D34AA5E}.Release|Any CPU.ActiveCfg = Release|Any CPU
		{9EDFD18D-62B5-6089-961C-82D26D34AA5E}.Release|Any CPU.Build.0 = Release|Any CPU
		{CD2A6F1D-09A5-8DDF-F0B4-24F1838999FB}.Debug|Any CPU.ActiveCfg = Debug|Any CPU
		{CD2A6F1D-09A5-8DDF-F0B4-24F1838999FB}.Debug|Any CPU.Build.0 = Debug|Any CPU
		{CD2A6F1D-09A5-8DDF-F0B4-24F1838999FB}.Release|Any CPU.ActiveCfg = Release|Any CPU
		{CD2A6F1D-09A5-8DDF-F0B4-24F1838999FB}.Release|Any CPU.Build.0 = Release|Any CPU
		{3B0AE702-AE39-EE66-CA24-912AD890CC45}.Debug|Any CPU.ActiveCfg = Debug|Any CPU
		{3B0AE702-AE39-EE66-CA24-912AD890CC45}.Debug|Any CPU.Build.0 = Debug|Any CPU
		{3B0AE702-AE39-EE66-CA24-912AD890CC45}.Release|Any CPU.ActiveCfg = Release|Any CPU
		{3B0AE702-AE39-EE66-CA24-912AD890CC45}.Release|Any CPU.Build.0 = Release|Any CPU
		{35E6BE21-A69E-5027-209D-81FFEC50E900}.Debug|Any CPU.ActiveCfg = Debug|Any CPU
		{35E6BE21-A69E-5027-209D-81FFEC50E900}.Debug|Any CPU.Build.0 = Debug|Any CPU
		{35E6BE21-A69E-5027-209D-81FFEC50E900}.Release|Any CPU.ActiveCfg = Release|Any CPU
		{35E6BE21-A69E-5027-209D-81FFEC50E900}.Release|Any CPU.Build.0 = Release|Any CPU
		{4DB822C3-D269-56D1-42DF-C250667486FF}.Debug|Any CPU.ActiveCfg = Debug|Any CPU
		{4DB822C3-D269-56D1-42DF-C250667486FF}.Debug|Any CPU.Build.0 = Debug|Any CPU
		{4DB822C3-D269-56D1-42DF-C250667486FF}.Release|Any CPU.ActiveCfg = Release|Any CPU
		{4DB822C3-D269-56D1-42DF-C250667486FF}.Release|Any CPU.Build.0 = Release|Any CPU
		{2939BC94-2A52-CF25-655C-AFC30FD694C4}.Debug|Any CPU.ActiveCfg = Debug|Any CPU
		{2939BC94-2A52-CF25-655C-AFC30FD694C4}.Debug|Any CPU.Build.0 = Debug|Any CPU
		{2939BC94-2A52-CF25-655C-AFC30FD694C4}.Release|Any CPU.ActiveCfg = Release|Any CPU
		{2939BC94-2A52-CF25-655C-AFC30FD694C4}.Release|Any CPU.Build.0 = Release|Any CPU
		{515CDF27-3208-4207-F448-C95D51CBBE66}.Debug|Any CPU.ActiveCfg = Debug|Any CPU
		{515CDF27-3208-4207-F448-C95D51CBBE66}.Debug|Any CPU.Build.0 = Debug|Any CPU
		{515CDF27-3208-4207-F448-C95D51CBBE66}.Release|Any CPU.ActiveCfg = Release|Any CPU
		{515CDF27-3208-4207-F448-C95D51CBBE66}.Release|Any CPU.Build.0 = Release|Any CPU
		{442B093B-C392-293D-D84A-BEE03A16E27D}.Debug|Any CPU.ActiveCfg = Debug|Any CPU
		{442B093B-C392-293D-D84A-BEE03A16E27D}.Debug|Any CPU.Build.0 = Debug|Any CPU
		{442B093B-C392-293D-D84A-BEE03A16E27D}.Release|Any CPU.ActiveCfg = Release|Any CPU
		{442B093B-C392-293D-D84A-BEE03A16E27D}.Release|Any CPU.Build.0 = Release|Any CPU
		{AFE7F34B-E56E-3AF3-D82A-D261FE824852}.Debug|Any CPU.ActiveCfg = Debug|Any CPU
		{AFE7F34B-E56E-3AF3-D82A-D261FE824852}.Debug|Any CPU.Build.0 = Debug|Any CPU
		{AFE7F34B-E56E-3AF3-D82A-D261FE824852}.Release|Any CPU.ActiveCfg = Release|Any CPU
		{AFE7F34B-E56E-3AF3-D82A-D261FE824852}.Release|Any CPU.Build.0 = Release|Any CPU
		{D8697C2D-3BF2-50DE-72A5-E7DCC7D26864}.Debug|Any CPU.ActiveCfg = Debug|Any CPU
		{D8697C2D-3BF2-50DE-72A5-E7DCC7D26864}.Debug|Any CPU.Build.0 = Debug|Any CPU
		{D8697C2D-3BF2-50DE-72A5-E7DCC7D26864}.Release|Any CPU.ActiveCfg = Release|Any CPU
		{D8697C2D-3BF2-50DE-72A5-E7DCC7D26864}.Release|Any CPU.Build.0 = Release|Any CPU
		{A1E4F976-FB89-7C0C-4D90-1CAF8029E582}.Debug|Any CPU.ActiveCfg = Debug|Any CPU
		{A1E4F976-FB89-7C0C-4D90-1CAF8029E582}.Debug|Any CPU.Build.0 = Debug|Any CPU
		{A1E4F976-FB89-7C0C-4D90-1CAF8029E582}.Release|Any CPU.ActiveCfg = Release|Any CPU
		{A1E4F976-FB89-7C0C-4D90-1CAF8029E582}.Release|Any CPU.Build.0 = Release|Any CPU
		{765ADF6F-D018-340A-88FA-3D4C3B2F7BF5}.Debug|Any CPU.ActiveCfg = Debug|Any CPU
		{765ADF6F-D018-340A-88FA-3D4C3B2F7BF5}.Debug|Any CPU.Build.0 = Debug|Any CPU
		{765ADF6F-D018-340A-88FA-3D4C3B2F7BF5}.Release|Any CPU.ActiveCfg = Release|Any CPU
		{765ADF6F-D018-340A-88FA-3D4C3B2F7BF5}.Release|Any CPU.Build.0 = Release|Any CPU
		{82F0C3D7-75B2-DA02-127E-034AE7520770}.Debug|Any CPU.ActiveCfg = Debug|Any CPU
		{82F0C3D7-75B2-DA02-127E-034AE7520770}.Debug|Any CPU.Build.0 = Debug|Any CPU
		{82F0C3D7-75B2-DA02-127E-034AE7520770}.Release|Any CPU.ActiveCfg = Release|Any CPU
		{82F0C3D7-75B2-DA02-127E-034AE7520770}.Release|Any CPU.Build.0 = Release|Any CPU
		{AF41BEA5-D37A-A762-1B1E-FE28BE41BA65}.Debug|Any CPU.ActiveCfg = Debug|Any CPU
		{AF41BEA5-D37A-A762-1B1E-FE28BE41BA65}.Debug|Any CPU.Build.0 = Debug|Any CPU
		{AF41BEA5-D37A-A762-1B1E-FE28BE41BA65}.Release|Any CPU.ActiveCfg = Release|Any CPU
		{AF41BEA5-D37A-A762-1B1E-FE28BE41BA65}.Release|Any CPU.Build.0 = Release|Any CPU
		{0EC15FE6-EB7C-3B4D-4B48-15B2FC2A0EC9}.Debug|Any CPU.ActiveCfg = Debug|Any CPU
		{0EC15FE6-EB7C-3B4D-4B48-15B2FC2A0EC9}.Debug|Any CPU.Build.0 = Debug|Any CPU
		{0EC15FE6-EB7C-3B4D-4B48-15B2FC2A0EC9}.Release|Any CPU.ActiveCfg = Release|Any CPU
		{0EC15FE6-EB7C-3B4D-4B48-15B2FC2A0EC9}.Release|Any CPU.Build.0 = Release|Any CPU
		{14FF6C7C-CEA4-8F10-71CF-C0460DBF0D81}.Debug|Any CPU.ActiveCfg = Debug|Any CPU
		{14FF6C7C-CEA4-8F10-71CF-C0460DBF0D81}.Debug|Any CPU.Build.0 = Debug|Any CPU
		{14FF6C7C-CEA4-8F10-71CF-C0460DBF0D81}.Release|Any CPU.ActiveCfg = Release|Any CPU
		{14FF6C7C-CEA4-8F10-71CF-C0460DBF0D81}.Release|Any CPU.Build.0 = Release|Any CPU
		{C7A9C460-46EB-2982-EFB1-960474E64CC8}.Debug|Any CPU.ActiveCfg = Debug|Any CPU
		{C7A9C460-46EB-2982-EFB1-960474E64CC8}.Debug|Any CPU.Build.0 = Debug|Any CPU
		{C7A9C460-46EB-2982-EFB1-960474E64CC8}.Release|Any CPU.ActiveCfg = Release|Any CPU
		{C7A9C460-46EB-2982-EFB1-960474E64CC8}.Release|Any CPU.Build.0 = Release|Any CPU
		{0A80E35F-8576-3E11-1BBA-A443CA707FA2}.Debug|Any CPU.ActiveCfg = Debug|Any CPU
		{0A80E35F-8576-3E11-1BBA-A443CA707FA2}.Debug|Any CPU.Build.0 = Debug|Any CPU
		{0A80E35F-8576-3E11-1BBA-A443CA707FA2}.Release|Any CPU.ActiveCfg = Release|Any CPU
		{0A80E35F-8576-3E11-1BBA-A443CA707FA2}.Release|Any CPU.Build.0 = Release|Any CPU
		{7EC4397B-11BD-F02A-5378-6D6FDC3E9848}.Debug|Any CPU.ActiveCfg = Debug|Any CPU
		{7EC4397B-11BD-F02A-5378-6D6FDC3E9848}.Debug|Any CPU.Build.0 = Debug|Any CPU
		{7EC4397B-11BD-F02A-5378-6D6FDC3E9848}.Release|Any CPU.ActiveCfg = Release|Any CPU
		{7EC4397B-11BD-F02A-5378-6D6FDC3E9848}.Release|Any CPU.Build.0 = Release|Any CPU
		{55398D42-3FF4-665F-65B9-84E01891C78D}.Debug|Any CPU.ActiveCfg = Debug|Any CPU
		{55398D42-3FF4-665F-65B9-84E01891C78D}.Debug|Any CPU.Build.0 = Debug|Any CPU
		{55398D42-3FF4-665F-65B9-84E01891C78D}.Release|Any CPU.ActiveCfg = Release|Any CPU
		{55398D42-3FF4-665F-65B9-84E01891C78D}.Release|Any CPU.Build.0 = Release|Any CPU
		{562CB14B-61DE-CE5E-5ECA-FEE25E0E05D1}.Debug|Any CPU.ActiveCfg = Debug|Any CPU
		{562CB14B-61DE-CE5E-5ECA-FEE25E0E05D1}.Debug|Any CPU.Build.0 = Debug|Any CPU
		{562CB14B-61DE-CE5E-5ECA-FEE25E0E05D1}.Release|Any CPU.ActiveCfg = Release|Any CPU
		{562CB14B-61DE-CE5E-5ECA-FEE25E0E05D1}.Release|Any CPU.Build.0 = Release|Any CPU
		{DF838CB4-1A67-DED9-D607-40DA41903263}.Debug|Any CPU.ActiveCfg = Debug|Any CPU
		{DF838CB4-1A67-DED9-D607-40DA41903263}.Debug|Any CPU.Build.0 = Debug|Any CPU
		{DF838CB4-1A67-DED9-D607-40DA41903263}.Release|Any CPU.ActiveCfg = Release|Any CPU
		{DF838CB4-1A67-DED9-D607-40DA41903263}.Release|Any CPU.Build.0 = Release|Any CPU
		{9B7DAB7E-3114-E1D5-7892-1315943EFF7D}.Debug|Any CPU.ActiveCfg = Debug|Any CPU
		{9B7DAB7E-3114-E1D5-7892-1315943EFF7D}.Debug|Any CPU.Build.0 = Debug|Any CPU
		{9B7DAB7E-3114-E1D5-7892-1315943EFF7D}.Release|Any CPU.ActiveCfg = Release|Any CPU
		{9B7DAB7E-3114-E1D5-7892-1315943EFF7D}.Release|Any CPU.Build.0 = Release|Any CPU
		{02A97D3D-4652-B925-BAE8-1577289010E6}.Debug|Any CPU.ActiveCfg = Debug|Any CPU
		{02A97D3D-4652-B925-BAE8-1577289010E6}.Debug|Any CPU.Build.0 = Debug|Any CPU
		{02A97D3D-4652-B925-BAE8-1577289010E6}.Release|Any CPU.ActiveCfg = Release|Any CPU
		{02A97D3D-4652-B925-BAE8-1577289010E6}.Release|Any CPU.Build.0 = Release|Any CPU
		{29BD29C8-882B-FE9E-6F33-87BB847D221F}.Debug|Any CPU.ActiveCfg = Debug|Any CPU
		{29BD29C8-882B-FE9E-6F33-87BB847D221F}.Debug|Any CPU.Build.0 = Debug|Any CPU
		{29BD29C8-882B-FE9E-6F33-87BB847D221F}.Release|Any CPU.ActiveCfg = Release|Any CPU
		{29BD29C8-882B-FE9E-6F33-87BB847D221F}.Release|Any CPU.Build.0 = Release|Any CPU
		{77DD3999-F278-E99E-3167-808FED79A4B0}.Debug|Any CPU.ActiveCfg = Debug|Any CPU
		{77DD3999-F278-E99E-3167-808FED79A4B0}.Debug|Any CPU.Build.0 = Debug|Any CPU
		{77DD3999-F278-E99E-3167-808FED79A4B0}.Release|Any CPU.ActiveCfg = Release|Any CPU
		{77DD3999-F278-E99E-3167-808FED79A4B0}.Release|Any CPU.Build.0 = Release|Any CPU
		{F54D7CAA-38FE-EF9E-199A-E6823677BB2F}.Debug|Any CPU.ActiveCfg = Debug|Any CPU
		{F54D7CAA-38FE-EF9E-199A-E6823677BB2F}.Debug|Any CPU.Build.0 = Debug|Any CPU
		{F54D7CAA-38FE-EF9E-199A-E6823677BB2F}.Release|Any CPU.ActiveCfg = Release|Any CPU
		{F54D7CAA-38FE-EF9E-199A-E6823677BB2F}.Release|Any CPU.Build.0 = Release|Any CPU
		{394E8C90-77CB-D1C8-91C3-F7245AE95A54}.Debug|Any CPU.ActiveCfg = Debug|Any CPU
		{394E8C90-77CB-D1C8-91C3-F7245AE95A54}.Debug|Any CPU.Build.0 = Debug|Any CPU
		{394E8C90-77CB-D1C8-91C3-F7245AE95A54}.Release|Any CPU.ActiveCfg = Release|Any CPU
		{394E8C90-77CB-D1C8-91C3-F7245AE95A54}.Release|Any CPU.Build.0 = Release|Any CPU
		{4767C0A4-FE24-3A76-577B-3CBF0FE6C977}.Debug|Any CPU.ActiveCfg = Debug|Any CPU
		{4767C0A4-FE24-3A76-577B-3CBF0FE6C977}.Debug|Any CPU.Build.0 = Debug|Any CPU
		{4767C0A4-FE24-3A76-577B-3CBF0FE6C977}.Release|Any CPU.ActiveCfg = Release|Any CPU
		{4767C0A4-FE24-3A76-577B-3CBF0FE6C977}.Release|Any CPU.Build.0 = Release|Any CPU
		{4DC4A213-C09B-5C37-8D0C-CDC1779D1944}.Debug|Any CPU.ActiveCfg = Debug|Any CPU
		{4DC4A213-C09B-5C37-8D0C-CDC1779D1944}.Debug|Any CPU.Build.0 = Debug|Any CPU
		{4DC4A213-C09B-5C37-8D0C-CDC1779D1944}.Release|Any CPU.ActiveCfg = Release|Any CPU
		{4DC4A213-C09B-5C37-8D0C-CDC1779D1944}.Release|Any CPU.Build.0 = Release|Any CPU
		{E117FCC9-F001-6766-BC53-052BDC998454}.Debug|Any CPU.ActiveCfg = Debug|Any CPU
		{E117FCC9-F001-6766-BC53-052BDC998454}.Debug|Any CPU.Build.0 = Debug|Any CPU
		{E117FCC9-F001-6766-BC53-052BDC998454}.Release|Any CPU.ActiveCfg = Release|Any CPU
		{E117FCC9-F001-6766-BC53-052BDC998454}.Release|Any CPU.Build.0 = Release|Any CPU
		{DE308341-930A-99A2-1DC0-550979DFCE94}.Debug|Any CPU.ActiveCfg = Debug|Any CPU
		{DE308341-930A-99A2-1DC0-550979DFCE94}.Debug|Any CPU.Build.0 = Debug|Any CPU
		{DE308341-930A-99A2-1DC0-550979DFCE94}.Release|Any CPU.ActiveCfg = Release|Any CPU
		{DE308341-930A-99A2-1DC0-550979DFCE94}.Release|Any CPU.Build.0 = Release|Any CPU
		{660232EF-61FC-5609-8657-A8661F4C0202}.Debug|Any CPU.ActiveCfg = Debug|Any CPU
		{660232EF-61FC-5609-8657-A8661F4C0202}.Debug|Any CPU.Build.0 = Debug|Any CPU
		{660232EF-61FC-5609-8657-A8661F4C0202}.Release|Any CPU.ActiveCfg = Release|Any CPU
		{660232EF-61FC-5609-8657-A8661F4C0202}.Release|Any CPU.Build.0 = Release|Any CPU
		{86A206DF-B7B2-9168-63FD-326615355C62}.Debug|Any CPU.ActiveCfg = Debug|Any CPU
		{86A206DF-B7B2-9168-63FD-326615355C62}.Debug|Any CPU.Build.0 = Debug|Any CPU
		{86A206DF-B7B2-9168-63FD-326615355C62}.Release|Any CPU.ActiveCfg = Release|Any CPU
		{86A206DF-B7B2-9168-63FD-326615355C62}.Release|Any CPU.Build.0 = Release|Any CPU
		{7C14F793-9097-77CB-434C-8E581CB18543}.Debug|Any CPU.ActiveCfg = Debug|Any CPU
		{7C14F793-9097-77CB-434C-8E581CB18543}.Debug|Any CPU.Build.0 = Debug|Any CPU
		{7C14F793-9097-77CB-434C-8E581CB18543}.Release|Any CPU.ActiveCfg = Release|Any CPU
		{7C14F793-9097-77CB-434C-8E581CB18543}.Release|Any CPU.Build.0 = Release|Any CPU
		{45B97FA3-D86C-3515-245D-87C4EED08587}.Debug|Any CPU.ActiveCfg = Debug|Any CPU
		{45B97FA3-D86C-3515-245D-87C4EED08587}.Debug|Any CPU.Build.0 = Debug|Any CPU
		{45B97FA3-D86C-3515-245D-87C4EED08587}.Release|Any CPU.ActiveCfg = Release|Any CPU
		{45B97FA3-D86C-3515-245D-87C4EED08587}.Release|Any CPU.Build.0 = Release|Any CPU
		{D28B2596-386E-E0A9-3769-B654A23752FE}.Debug|Any CPU.ActiveCfg = Debug|Any CPU
		{D28B2596-386E-E0A9-3769-B654A23752FE}.Debug|Any CPU.Build.0 = Debug|Any CPU
		{D28B2596-386E-E0A9-3769-B654A23752FE}.Release|Any CPU.ActiveCfg = Release|Any CPU
		{D28B2596-386E-E0A9-3769-B654A23752FE}.Release|Any CPU.Build.0 = Release|Any CPU
		{D8570B24-B4AC-3099-6953-94132D24EBF3}.Debug|Any CPU.ActiveCfg = Debug|Any CPU
		{D8570B24-B4AC-3099-6953-94132D24EBF3}.Debug|Any CPU.Build.0 = Debug|Any CPU
		{D8570B24-B4AC-3099-6953-94132D24EBF3}.Release|Any CPU.ActiveCfg = Release|Any CPU
		{D8570B24-B4AC-3099-6953-94132D24EBF3}.Release|Any CPU.Build.0 = Release|Any CPU
		{339D6E9E-5D06-AF43-6510-5B6DEB65FC68}.Debug|Any CPU.ActiveCfg = Debug|Any CPU
		{339D6E9E-5D06-AF43-6510-5B6DEB65FC68}.Debug|Any CPU.Build.0 = Debug|Any CPU
		{339D6E9E-5D06-AF43-6510-5B6DEB65FC68}.Release|Any CPU.ActiveCfg = Release|Any CPU
		{339D6E9E-5D06-AF43-6510-5B6DEB65FC68}.Release|Any CPU.Build.0 = Release|Any CPU
		{B300A818-2C03-3DF3-8196-250FC4383734}.Debug|Any CPU.ActiveCfg = Debug|Any CPU
		{B300A818-2C03-3DF3-8196-250FC4383734}.Debug|Any CPU.Build.0 = Debug|Any CPU
		{B300A818-2C03-3DF3-8196-250FC4383734}.Release|Any CPU.ActiveCfg = Release|Any CPU
		{B300A818-2C03-3DF3-8196-250FC4383734}.Release|Any CPU.Build.0 = Release|Any CPU
		{AB7E2603-D700-99BA-3E9D-1299720002C3}.Debug|Any CPU.ActiveCfg = Debug|Any CPU
		{AB7E2603-D700-99BA-3E9D-1299720002C3}.Debug|Any CPU.Build.0 = Debug|Any CPU
		{AB7E2603-D700-99BA-3E9D-1299720002C3}.Release|Any CPU.ActiveCfg = Release|Any CPU
		{AB7E2603-D700-99BA-3E9D-1299720002C3}.Release|Any CPU.Build.0 = Release|Any CPU
		{66212CD6-F9A6-70C2-C189-1372A552A258}.Debug|Any CPU.ActiveCfg = Debug|Any CPU
		{66212CD6-F9A6-70C2-C189-1372A552A258}.Debug|Any CPU.Build.0 = Debug|Any CPU
		{66212CD6-F9A6-70C2-C189-1372A552A258}.Release|Any CPU.ActiveCfg = Release|Any CPU
		{66212CD6-F9A6-70C2-C189-1372A552A258}.Release|Any CPU.Build.0 = Release|Any CPU
		{825D30EA-8421-85C7-5477-1D36626A6D9C}.Debug|Any CPU.ActiveCfg = Debug|Any CPU
		{825D30EA-8421-85C7-5477-1D36626A6D9C}.Debug|Any CPU.Build.0 = Debug|Any CPU
		{825D30EA-8421-85C7-5477-1D36626A6D9C}.Release|Any CPU.ActiveCfg = Release|Any CPU
		{825D30EA-8421-85C7-5477-1D36626A6D9C}.Release|Any CPU.Build.0 = Release|Any CPU
		{ED201FBA-21D9-1310-628A-B1FDA5948355}.Debug|Any CPU.ActiveCfg = Debug|Any CPU
		{ED201FBA-21D9-1310-628A-B1FDA5948355}.Debug|Any CPU.Build.0 = Debug|Any CPU
		{ED201FBA-21D9-1310-628A-B1FDA5948355}.Release|Any CPU.ActiveCfg = Release|Any CPU
		{ED201FBA-21D9-1310-628A-B1FDA5948355}.Release|Any CPU.Build.0 = Release|Any CPU
		{4DDE23B8-84A9-87D9-5715-5A9AE858804F}.Debug|Any CPU.ActiveCfg = Debug|Any CPU
		{4DDE23B8-84A9-87D9-5715-5A9AE858804F}.Debug|Any CPU.Build.0 = Debug|Any CPU
		{4DDE23B8-84A9-87D9-5715-5A9AE858804F}.Release|Any CPU.ActiveCfg = Release|Any CPU
		{4DDE23B8-84A9-87D9-5715-5A9AE858804F}.Release|Any CPU.Build.0 = Release|Any CPU
		{9ED1C66A-C1FE-4968-17B8-7024FFB5C5FC}.Debug|Any CPU.ActiveCfg = Debug|Any CPU
		{9ED1C66A-C1FE-4968-17B8-7024FFB5C5FC}.Debug|Any CPU.Build.0 = Debug|Any CPU
		{9ED1C66A-C1FE-4968-17B8-7024FFB5C5FC}.Release|Any CPU.ActiveCfg = Release|Any CPU
		{9ED1C66A-C1FE-4968-17B8-7024FFB5C5FC}.Release|Any CPU.Build.0 = Release|Any CPU
		{F06EDA97-2FB1-75F0-5D09-791A6CA912D6}.Debug|Any CPU.ActiveCfg = Debug|Any CPU
		{F06EDA97-2FB1-75F0-5D09-791A6CA912D6}.Debug|Any CPU.Build.0 = Debug|Any CPU
		{F06EDA97-2FB1-75F0-5D09-791A6CA912D6}.Release|Any CPU.ActiveCfg = Release|Any CPU
		{F06EDA97-2FB1-75F0-5D09-791A6CA912D6}.Release|Any CPU.Build.0 = Release|Any CPU
		{3EE40515-C197-AFCF-0AC9-0EEDE8BEB788}.Debug|Any CPU.ActiveCfg = Debug|Any CPU
		{3EE40515-C197-AFCF-0AC9-0EEDE8BEB788}.Debug|Any CPU.Build.0 = Debug|Any CPU
		{3EE40515-C197-AFCF-0AC9-0EEDE8BEB788}.Release|Any CPU.ActiveCfg = Release|Any CPU
		{3EE40515-C197-AFCF-0AC9-0EEDE8BEB788}.Release|Any CPU.Build.0 = Release|Any CPU
		{1DD710B8-16B6-8B7F-C80E-288CA19F6030}.Debug|Any CPU.ActiveCfg = Debug|Any CPU
		{1DD710B8-16B6-8B7F-C80E-288CA19F6030}.Debug|Any CPU.Build.0 = Debug|Any CPU
		{1DD710B8-16B6-8B7F-C80E-288CA19F6030}.Release|Any CPU.ActiveCfg = Release|Any CPU
		{1DD710B8-16B6-8B7F-C80E-288CA19F6030}.Release|Any CPU.Build.0 = Release|Any CPU
		{AE33505A-F7DC-4C89-DFF3-46136BC65022}.Debug|Any CPU.ActiveCfg = Debug|Any CPU
		{AE33505A-F7DC-4C89-DFF3-46136BC65022}.Debug|Any CPU.Build.0 = Debug|Any CPU
		{AE33505A-F7DC-4C89-DFF3-46136BC65022}.Release|Any CPU.ActiveCfg = Release|Any CPU
		{AE33505A-F7DC-4C89-DFF3-46136BC65022}.Release|Any CPU.Build.0 = Release|Any CPU
		{C74DA69D-1964-DA02-6416-D5BA9C314BA3}.Debug|Any CPU.ActiveCfg = Debug|Any CPU
		{C74DA69D-1964-DA02-6416-D5BA9C314BA3}.Debug|Any CPU.Build.0 = Debug|Any CPU
		{C74DA69D-1964-DA02-6416-D5BA9C314BA3}.Release|Any CPU.ActiveCfg = Release|Any CPU
		{C74DA69D-1964-DA02-6416-D5BA9C314BA3}.Release|Any CPU.Build.0 = Release|Any CPU
		{CAD15A54-E1E1-6C3E-4137-F233722556DC}.Debug|Any CPU.ActiveCfg = Debug|Any CPU
		{CAD15A54-E1E1-6C3E-4137-F233722556DC}.Debug|Any CPU.Build.0 = Debug|Any CPU
		{CAD15A54-E1E1-6C3E-4137-F233722556DC}.Release|Any CPU.ActiveCfg = Release|Any CPU
		{CAD15A54-E1E1-6C3E-4137-F233722556DC}.Release|Any CPU.Build.0 = Release|Any CPU
		{E9C77FA9-E3B6-A117-9B28-51D651E73663}.Debug|Any CPU.ActiveCfg = Debug|Any CPU
		{E9C77FA9-E3B6-A117-9B28-51D651E73663}.Debug|Any CPU.Build.0 = Debug|Any CPU
		{E9C77FA9-E3B6-A117-9B28-51D651E73663}.Release|Any CPU.ActiveCfg = Release|Any CPU
		{E9C77FA9-E3B6-A117-9B28-51D651E73663}.Release|Any CPU.Build.0 = Release|Any CPU
		{709FDCDC-C362-1AC7-CD4F-97FC153B18F7}.Debug|Any CPU.ActiveCfg = Debug|Any CPU
		{709FDCDC-C362-1AC7-CD4F-97FC153B18F7}.Debug|Any CPU.Build.0 = Debug|Any CPU
		{709FDCDC-C362-1AC7-CD4F-97FC153B18F7}.Release|Any CPU.ActiveCfg = Release|Any CPU
		{709FDCDC-C362-1AC7-CD4F-97FC153B18F7}.Release|Any CPU.Build.0 = Release|Any CPU
		{0B553647-BF80-7E43-FF19-83B8DDEDA7A5}.Debug|Any CPU.ActiveCfg = Debug|Any CPU
		{0B553647-BF80-7E43-FF19-83B8DDEDA7A5}.Debug|Any CPU.Build.0 = Debug|Any CPU
		{0B553647-BF80-7E43-FF19-83B8DDEDA7A5}.Release|Any CPU.ActiveCfg = Release|Any CPU
		{0B553647-BF80-7E43-FF19-83B8DDEDA7A5}.Release|Any CPU.Build.0 = Release|Any CPU
	EndGlobalSection
	GlobalSection(SolutionProperties) = preSolution
		HideSolutionNode = FALSE
	EndGlobalSection
EndGlobal
